
Microsoft Visual Studio Solution File, Format Version 12.00
# Visual Studio Version 16
VisualStudioVersion = 16.0.29613.14
MinimumVisualStudioVersion = 10.0.40219.1
Project("{FAE04EC0-301F-11D3-BF4B-00C04F79EFBC}") = "MysqlTest", "MysqlTest\MysqlTest.csproj", "{31F67ED3-B424-468C-A390-3F8636C03D17}"
EndProject
Global
	GlobalSection(SolutionConfigurationPlatforms) = preSolution
		Debug|Any CPU = Debug|Any CPU
		Release|Any CPU = Release|Any CPU
	EndGlobalSection
	GlobalSection(ProjectConfigurationPlatforms) = postSolution
		{31F67ED3-B424-468C-A390-3F8636C03D17}.Debug|Any CPU.ActiveCfg = Debug|Any CPU
		{31F67ED3-B424-468C-A390-3F8636C03D17}.Debug|Any CPU.Build.0 = Debug|Any CPU
		{31F67ED3-B424-468C-A390-3F8636C03D17}.Release|Any CPU.ActiveCfg = Release|Any CPU
		{31F67ED3-B424-468C-A390-3F8636C03D17}.Release|Any CPU.Build.0 = Release|Any CPU
	EndGlobalSection
	GlobalSection(SolutionProperties) = preSolution
		HideSolutionNode = FALSE
	EndGlobalSection
	GlobalSection(ExtensibilityGlobals) = postSolution
		SolutionGuid = {072F6E7B-108E-44EB-9222-35F0FB8C530B}
	EndGlobalSection
EndGlobal
